
Microsoft Visual Studio Solution File, Format Version 12.00
Project("{FAE04EC0-301F-11D3-BF4B-00C04F79EFBC}") = "SimpleTester.Core", "SimpleTester.Core\SimpleTester.Core.csproj", "{C0F31A77-7EAD-47F3-AFDE-4B8B91E85E14}"
EndProject
Project("{FAE04EC0-301F-11D3-BF4B-00C04F79EFBC}") = "SimpleTester.Examples", "SimpleTester.Examples\SimpleTester.Examples.csproj", "{7889FEE9-296F-40AE-A9F1-0C616F187E66}"
EndProject
Project("{FAE04EC0-301F-11D3-BF4B-00C04F79EFBC}") = "SimpleTester.UnitTests", "SimpleTester.UnitTests\SimpleTester.UnitTests.csproj", "{FF0115F7-F109-43A7-AB0C-BAC4DE94ADFB}"
EndProject
Global
	GlobalSection(SolutionConfigurationPlatforms) = preSolution
		Debug|Any CPU = Debug|Any CPU
		Release|Any CPU = Release|Any CPU
	EndGlobalSection
	GlobalSection(ProjectConfigurationPlatforms) = postSolution
		{C0F31A77-7EAD-47F3-AFDE-4B8B91E85E14}.Debug|Any CPU.ActiveCfg = Debug|Any CPU
		{C0F31A77-7EAD-47F3-AFDE-4B8B91E85E14}.Debug|Any CPU.Build.0 = Debug|Any CPU
		{C0F31A77-7EAD-47F3-AFDE-4B8B91E85E14}.Release|Any CPU.ActiveCfg = Release|Any CPU
		{C0F31A77-7EAD-47F3-AFDE-4B8B91E85E14}.Release|Any CPU.Build.0 = Release|Any CPU
		{7889FEE9-296F-40AE-A9F1-0C616F187E66}.Debug|Any CPU.ActiveCfg = Debug|Any CPU
		{7889FEE9-296F-40AE-A9F1-0C616F187E66}.Debug|Any CPU.Build.0 = Debug|Any CPU
		{7889FEE9-296F-40AE-A9F1-0C616F187E66}.Release|Any CPU.ActiveCfg = Release|Any CPU
		{7889FEE9-296F-40AE-A9F1-0C616F187E66}.Release|Any CPU.Build.0 = Release|Any CPU
		{FF0115F7-F109-43A7-AB0C-BAC4DE94ADFB}.Debug|Any CPU.ActiveCfg = Debug|Any CPU
		{FF0115F7-F109-43A7-AB0C-BAC4DE94ADFB}.Debug|Any CPU.Build.0 = Debug|Any CPU
		{FF0115F7-F109-43A7-AB0C-BAC4DE94ADFB}.Release|Any CPU.ActiveCfg = Release|Any CPU
		{FF0115F7-F109-43A7-AB0C-BAC4DE94ADFB}.Release|Any CPU.Build.0 = Release|Any CPU
	EndGlobalSection
EndGlobal
